// !$*UTF8*$!
{
	archiveVersion = 1;
	classes = {
	};
	objectVersion = 56;
	objects = {

/* Begin PBXBuildFile section */
		10C803D629D8960C0033B395 /* Pinch_And_ZoomApp.swift in Sources */ = {isa = PBXBuildFile; fileRef = 10C803D529D8960C0033B395 /* Pinch_And_ZoomApp.swift */; };
		10C803D829D8960C0033B395 /* ContentView.swift in Sources */ = {isa = PBXBuildFile; fileRef = 10C803D729D8960C0033B395 /* ContentView.swift */; };
		10C803DA29D8960D0033B395 /* Assets.xcassets in Resources */ = {isa = PBXBuildFile; fileRef = 10C803D929D8960D0033B395 /* Assets.xcassets */; };
		10C803DD29D8960D0033B395 /* Preview Assets.xcassets in Resources */ = {isa = PBXBuildFile; fileRef = 10C803DC29D8960D0033B395 /* Preview Assets.xcassets */; };
		10C803E729D8960D0033B395 /* Pinch_And_ZoomTests.swift in Sources */ = {isa = PBXBuildFile; fileRef = 10C803E629D8960D0033B395 /* Pinch_And_ZoomTests.swift */; };
		10C803F129D8960D0033B395 /* Pinch_And_ZoomUITests.swift in Sources */ = {isa = PBXBuildFile; fileRef = 10C803F029D8960D0033B395 /* Pinch_And_ZoomUITests.swift */; };
		10C803F329D8960D0033B395 /* Pinch_And_ZoomUITestsLaunchTests.swift in Sources */ = {isa = PBXBuildFile; fileRef = 10C803F229D8960D0033B395 /* Pinch_And_ZoomUITestsLaunchTests.swift */; };
/* End PBXBuildFile section */

/* Begin PBXContainerItemProxy section */
		10C803E329D8960D0033B395 /* PBXContainerItemProxy */ = {
			isa = PBXContainerItemProxy;
			containerPortal = 10C803CA29D8960C0033B395 /* Project object */;
			proxyType = 1;
			remoteGlobalIDString = 10C803D129D8960C0033B395;
			remoteInfo = "Pinch And Zoom";
		};
		10C803ED29D8960D0033B395 /* PBXContainerItemProxy */ = {
			isa = PBXContainerItemProxy;
			containerPortal = 10C803CA29D8960C0033B395 /* Project object */;
			proxyType = 1;
			remoteGlobalIDString = 10C803D129D8960C0033B395;
			remoteInfo = "Pinch And Zoom";
		};
/* End PBXContainerItemProxy section */

/* Begin PBXFileReference section */
		10C803D229D8960C0033B395 /* Pinch And Zoom.app */ = {isa = PBXFileReference; explicitFileType = wrapper.application; includeInIndex = 0; path = "Pinch And Zoom.app"; sourceTree = BUILT_PRODUCTS_DIR; };
		10C803D529D8960C0033B395 /* Pinch_And_ZoomApp.swift */ = {isa = PBXFileReference; lastKnownFileType = sourcecode.swift; path = Pinch_And_ZoomApp.swift; sourceTree = "<group>"; };
		10C803D729D8960C0033B395 /* ContentView.swift */ = {isa = PBXFileReference; lastKnownFileType = sourcecode.swift; path = ContentView.swift; sourceTree = "<group>"; };
		10C803D929D8960D0033B395 /* Assets.xcassets */ = {isa = PBXFileReference; lastKnownFileType = folder.assetcatalog; path = Assets.xcassets; sourceTree = "<group>"; };
		10C803DC29D8960D0033B395 /* Preview Assets.xcassets */ = {isa = PBXFileReference; lastKnownFileType = folder.assetcatalog; path = "Preview Assets.xcassets"; sourceTree = "<group>"; };
		10C803E229D8960D0033B395 /* Pinch And ZoomTests.xctest */ = {isa = PBXFileReference; explicitFileType = wrapper.cfbundle; includeInIndex = 0; path = "Pinch And ZoomTests.xctest"; sourceTree = BUILT_PRODUCTS_DIR; };
		10C803E629D8960D0033B395 /* Pinch_And_ZoomTests.swift */ = {isa = PBXFileReference; lastKnownFileType = sourcecode.swift; path = Pinch_And_ZoomTests.swift; sourceTree = "<group>"; };
		10C803EC29D8960D0033B395 /* Pinch And ZoomUITests.xctest */ = {isa = PBXFileReference; explicitFileType = wrapper.cfbundle; includeInIndex = 0; path = "Pinch And ZoomUITests.xctest"; sourceTree = BUILT_PRODUCTS_DIR; };
		10C803F029D8960D0033B395 /* Pinch_And_ZoomUITests.swift */ = {isa = PBXFileReference; lastKnownFileType = sourcecode.swift; path = Pinch_And_ZoomUITests.swift; sourceTree = "<group>"; };
		10C803F229D8960D0033B395 /* Pinch_And_ZoomUITestsLaunchTests.swift */ = {isa = PBXFileReference; lastKnownFileType = sourcecode.swift; path = Pinch_And_ZoomUITestsLaunchTests.swift; sourceTree = "<group>"; };
/* End PBXFileReference section */

/* Begin PBXFrameworksBuildPhase section */
		10C803CF29D8960C0033B395 /* Frameworks */ = {
			isa = PBXFrameworksBuildPhase;
			buildActionMask = 2147483647;
			files = (
			);
			runOnlyForDeploymentPostprocessing = 0;
		};
		10C803DF29D8960D0033B395 /* Frameworks */ = {
			isa = PBXFrameworksBuildPhase;
			buildActionMask = 2147483647;
			files = (
			);
			runOnlyForDeploymentPostprocessing = 0;
		};
		10C803E929D8960D0033B395 /* Frameworks */ = {
			isa = PBXFrameworksBuildPhase;
			buildActionMask = 2147483647;
			files = (
			);
			runOnlyForDeploymentPostprocessing = 0;
		};
/* End PBXFrameworksBuildPhase section */

/* Begin PBXGroup section */
		10C803C929D8960C0033B395 = {
			isa = PBXGroup;
			children = (
				10C803D429D8960C0033B395 /* Pinch And Zoom */,
				10C803E529D8960D0033B395 /* Pinch And ZoomTests */,
				10C803EF29D8960D0033B395 /* Pinch And ZoomUITests */,
				10C803D329D8960C0033B395 /* Products */,
			);
			sourceTree = "<group>";
		};
		10C803D329D8960C0033B395 /* Products */ = {
			isa = PBXGroup;
			children = (
				10C803D229D8960C0033B395 /* Pinch And Zoom.app */,
				10C803E229D8960D0033B395 /* Pinch And ZoomTests.xctest */,
				10C803EC29D8960D0033B395 /* Pinch And ZoomUITests.xctest */,
			);
			name = Products;
			sourceTree = "<group>";
		};
		10C803D429D8960C0033B395 /* Pinch And Zoom */ = {
			isa = PBXGroup;
			children = (
				10C803D529D8960C0033B395 /* Pinch_And_ZoomApp.swift */,
				10C803D729D8960C0033B395 /* ContentView.swift */,
				10C803D929D8960D0033B395 /* Assets.xcassets */,
				10C803DB29D8960D0033B395 /* Preview Content */,
			);
			path = "Pinch And Zoom";
			sourceTree = "<group>";
		};
		10C803DB29D8960D0033B395 /* Preview Content */ = {
			isa = PBXGroup;
			children = (
				10C803DC29D8960D0033B395 /* Preview Assets.xcassets */,
			);
			path = "Preview Content";
			sourceTree = "<group>";
		};
		10C803E529D8960D0033B395 /* Pinch And ZoomTests */ = {
			isa = PBXGroup;
			children = (
				10C803E629D8960D0033B395 /* Pinch_And_ZoomTests.swift */,
			);
			path = "Pinch And ZoomTests";
			sourceTree = "<group>";
		};
		10C803EF29D8960D0033B395 /* Pinch And ZoomUITests */ = {
			isa = PBXGroup;
			children = (
				10C803F029D8960D0033B395 /* Pinch_And_ZoomUITests.swift */,
				10C803F229D8960D0033B395 /* Pinch_And_ZoomUITestsLaunchTests.swift */,
			);
			path = "Pinch And ZoomUITests";
			sourceTree = "<group>";
		};
/* End PBXGroup section */

/* Begin PBXNativeTarget section */
		10C803D129D8960C0033B395 /* Pinch And Zoom */ = {
			isa = PBXNativeTarget;
			buildConfigurationList = 10C803F629D8960D0033B395 /* Build configuration list for PBXNativeTarget "Pinch And Zoom" */;
			buildPhases = (
				10C803CE29D8960C0033B395 /* Sources */,
				10C803CF29D8960C0033B395 /* Frameworks */,
				10C803D029D8960C0033B395 /* Resources */,
			);
			buildRules = (
			);
			dependencies = (
			);
			name = "Pinch And Zoom";
			productName = "Pinch And Zoom";
			productReference = 10C803D229D8960C0033B395 /* Pinch And Zoom.app */;
			productType = "com.apple.product-type.application";
		};
		10C803E129D8960D0033B395 /* Pinch And ZoomTests */ = {
			isa = PBXNativeTarget;
			buildConfigurationList = 10C803F929D8960D0033B395 /* Build configuration list for PBXNativeTarget "Pinch And ZoomTests" */;
			buildPhases = (
				10C803DE29D8960D0033B395 /* Sources */,
				10C803DF29D8960D0033B395 /* Frameworks */,
				10C803E029D8960D0033B395 /* Resources */,
			);
			buildRules = (
			);
			dependencies = (
				10C803E429D8960D0033B395 /* PBXTargetDependency */,
			);
			name = "Pinch And ZoomTests";
			productName = "Pinch And ZoomTests";
			productReference = 10C803E229D8960D0033B395 /* Pinch And ZoomTests.xctest */;
			productType = "com.apple.product-type.bundle.unit-test";
		};
		10C803EB29D8960D0033B395 /* Pinch And ZoomUITests */ = {
			isa = PBXNativeTarget;
			buildConfigurationList = 10C803FC29D8960D0033B395 /* Build configuration list for PBXNativeTarget "Pinch And ZoomUITests" */;
			buildPhases = (
				10C803E829D8960D0033B395 /* Sources */,
				10C803E929D8960D0033B395 /* Frameworks */,
				10C803EA29D8960D0033B395 /* Resources */,
			);
			buildRules = (
			);
			dependencies = (
				10C803EE29D8960D0033B395 /* PBXTargetDependency */,
			);
			name = "Pinch And ZoomUITests";
			productName = "Pinch And ZoomUITests";
			productReference = 10C803EC29D8960D0033B395 /* Pinch And ZoomUITests.xctest */;
			productType = "com.apple.product-type.bundle.ui-testing";
		};
/* End PBXNativeTarget section */

/* Begin PBXProject section */
		10C803CA29D8960C0033B395 /* Project object */ = {
			isa = PBXProject;
			attributes = {
				BuildIndependentTargetsInParallel = 1;
				LastSwiftUpdateCheck = 1420;
				LastUpgradeCheck = 1420;
				TargetAttributes = {
					10C803D129D8960C0033B395 = {
						CreatedOnToolsVersion = 14.2;
					};
					10C803E129D8960D0033B395 = {
						CreatedOnToolsVersion = 14.2;
						TestTargetID = 10C803D129D8960C0033B395;
					};
					10C803EB29D8960D0033B395 = {
						CreatedOnToolsVersion = 14.2;
						TestTargetID = 10C803D129D8960C0033B395;
					};
				};
			};
			buildConfigurationList = 10C803CD29D8960C0033B395 /* Build configuration list for PBXProject "Pinch And Zoom" */;
			compatibilityVersion = "Xcode 14.0";
			developmentRegion = en;
			hasScannedForEncodings = 0;
			knownRegions = (
				en,
				Base,
			);
			mainGroup = 10C803C929D8960C0033B395;
			productRefGroup = 10C803D329D8960C0033B395 /* Products */;
			projectDirPath = "";
			projectRoot = "";
			targets = (
				10C803D129D8960C0033B395 /* Pinch And Zoom */,
				10C803E129D8960D0033B395 /* Pinch And ZoomTests */,
				10C803EB29D8960D0033B395 /* Pinch And ZoomUITests */,
			);
		};
/* End PBXProject section */

/* Begin PBXResourcesBuildPhase section */
		10C803D029D8960C0033B395 /* Resources */ = {
			isa = PBXResourcesBuildPhase;
			buildActionMask = 2147483647;
			files = (
				10C803DD29D8960D0033B395 /* Preview Assets.xcassets in Resources */,
				10C803DA29D8960D0033B395 /* Assets.xcassets in Resources */,
			);
			runOnlyForDeploymentPostprocessing = 0;
		};
		10C803E029D8960D0033B395 /* Resources */ = {
			isa = PBXResourcesBuildPhase;
			buildActionMask = 2147483647;
			files = (
			);
			runOnlyForDeploymentPostprocessing = 0;
		};
		10C803EA29D8960D0033B395 /* Resources */ = {
			isa = PBXResourcesBuildPhase;
			buildActionMask = 2147483647;
			files = (
			);
			runOnlyForDeploymentPostprocessing = 0;
		};
/* End PBXResourcesBuildPhase section */

/* Begin PBXSourcesBuildPhase section */
		10C803CE29D8960C0033B395 /* Sources */ = {
			isa = PBXSourcesBuildPhase;
			buildActionMask = 2147483647;
			files = (
				10C803D829D8960C0033B395 /* ContentView.swift in Sources */,
				10C803D629D8960C0033B395 /* Pinch_And_ZoomApp.swift in Sources */,
			);
			runOnlyForDeploymentPostprocessing = 0;
		};
		10C803DE29D8960D0033B395 /* Sources */ = {
			isa = PBXSourcesBuildPhase;
			buildActionMask = 2147483647;
			files = (
				10C803E729D8960D0033B395 /* Pinch_And_ZoomTests.swift in Sources */,
			);
			runOnlyForDeploymentPostprocessing = 0;
		};
		10C803E829D8960D0033B395 /* Sources */ = {
			isa = PBXSourcesBuildPhase;
			buildActionMask = 2147483647;
			files = (
				10C803F329D8960D0033B395 /* Pinch_And_ZoomUITestsLaunchTests.swift in Sources */,
				10C803F129D8960D0033B395 /* Pinch_And_ZoomUITests.swift in Sources */,
			);
			runOnlyForDeploymentPostprocessing = 0;
		};
/* End PBXSourcesBuildPhase section */

/* Begin PBXTargetDependency section */
		10C803E429D8960D0033B395 /* PBXTargetDependency */ = {
			isa = PBXTargetDependency;
			target = 10C803D129D8960C0033B395 /* Pinch And Zoom */;
			targetProxy = 10C803E329D8960D0033B395 /* PBXContainerItemProxy */;
		};
		10C803EE29D8960D0033B395 /* PBXTargetDependency */ = {
			isa = PBXTargetDependency;
			target = 10C803D129D8960C0033B395 /* Pinch And Zoom */;
			targetProxy = 10C803ED29D8960D0033B395 /* PBXContainerItemProxy */;
		};
/* End PBXTargetDependency section */

/* Begin XCBuildConfiguration section */
		10C803F429D8960D0033B395 /* Debug */ = {
			isa = XCBuildConfiguration;
			buildSettings = {
				ALWAYS_SEARCH_USER_PATHS = NO;
				CLANG_ANALYZER_NONNULL = YES;
				CLANG_ANALYZER_NUMBER_OBJECT_CONVERSION = YES_AGGRESSIVE;
				CLANG_CXX_LANGUAGE_STANDARD = "gnu++20";
				CLANG_ENABLE_MODULES = YES;
				CLANG_ENABLE_OBJC_ARC = YES;
				CLANG_ENABLE_OBJC_WEAK = YES;
				CLANG_WARN_BLOCK_CAPTURE_AUTORELEASING = YES;
				CLANG_WARN_BOOL_CONVERSION = YES;
				CLANG_WARN_COMMA = YES;
				CLANG_WARN_CONSTANT_CONVERSION = YES;
				CLANG_WARN_DEPRECATED_OBJC_IMPLEMENTATIONS = YES;
				CLANG_WARN_DIRECT_OBJC_ISA_USAGE = YES_ERROR;
				CLANG_WARN_DOCUMENTATION_COMMENTS = YES;
				CLANG_WARN_EMPTY_BODY = YES;
				CLANG_WARN_ENUM_CONVERSION = YES;
				CLANG_WARN_INFINITE_RECURSION = YES;
				CLANG_WARN_INT_CONVERSION = YES;
				CLANG_WARN_NON_LITERAL_NULL_CONVERSION = YES;
				CLANG_WARN_OBJC_IMPLICIT_RETAIN_SELF = YES;
				CLANG_WARN_OBJC_LITERAL_CONVERSION = YES;
				CLANG_WARN_OBJC_ROOT_CLASS = YES_ERROR;
				CLANG_WARN_QUOTED_INCLUDE_IN_FRAMEWORK_HEADER = YES;
				CLANG_WARN_RANGE_LOOP_ANALYSIS = YES;
				CLANG_WARN_STRICT_PROTOTYPES = YES;
				CLANG_WARN_SUSPICIOUS_MOVE = YES;
				CLANG_WARN_UNGUARDED_AVAILABILITY = YES_AGGRESSIVE;
				CLANG_WARN_UNREACHABLE_CODE = YES;
				CLANG_WARN__DUPLICATE_METHOD_MATCH = YES;
				COPY_PHASE_STRIP = NO;
				DEBUG_INFORMATION_FORMAT = dwarf;
				ENABLE_STRICT_OBJC_MSGSEND = YES;
				ENABLE_TESTABILITY = YES;
				GCC_C_LANGUAGE_STANDARD = gnu11;
				GCC_DYNAMIC_NO_PIC = NO;
				GCC_NO_COMMON_BLOCKS = YES;
				GCC_OPTIMIZATION_LEVEL = 0;
				GCC_PREPROCESSOR_DEFINITIONS = (
					"DEBUG=1",
					"$(inherited)",
				);
				GCC_WARN_64_TO_32_BIT_CONVERSION = YES;
				GCC_WARN_ABOUT_RETURN_TYPE = YES_ERROR;
				GCC_WARN_UNDECLARED_SELECTOR = YES;
				GCC_WARN_UNINITIALIZED_AUTOS = YES_AGGRESSIVE;
				GCC_WARN_UNUSED_FUNCTION = YES;
				GCC_WARN_UNUSED_VARIABLE = YES;
				IPHONEOS_DEPLOYMENT_TARGET = 16.2;
				MTL_ENABLE_DEBUG_INFO = INCLUDE_SOURCE;
				MTL_FAST_MATH = YES;
				ONLY_ACTIVE_ARCH = YES;
				SDKROOT = iphoneos;
				SWIFT_ACTIVE_COMPILATION_CONDITIONS = DEBUG;
				SWIFT_OPTIMIZATION_LEVEL = "-Onone";
			};
			name = Debug;
		};
		10C803F529D8960D0033B395 /* Release */ = {
			isa = XCBuildConfiguration;
			buildSettings = {
				ALWAYS_SEARCH_USER_PATHS = NO;
				CLANG_ANALYZER_NONNULL = YES;
				CLANG_ANALYZER_NUMBER_OBJECT_CONVERSION = YES_AGGRESSIVE;
				CLANG_CXX_LANGUAGE_STANDARD = "gnu++20";
				CLANG_ENABLE_MODULES = YES;
				CLANG_ENABLE_OBJC_ARC = YES;
				CLANG_ENABLE_OBJC_WEAK = YES;
				CLANG_WARN_BLOCK_CAPTURE_AUTORELEASING = YES;
				CLANG_WARN_BOOL_CONVERSION = YES;
				CLANG_WARN_COMMA = YES;
				CLANG_WARN_CONSTANT_CONVERSION = YES;
				CLANG_WARN_DEPRECATED_OBJC_IMPLEMENTATIONS = YES;
				CLANG_WARN_DIRECT_OBJC_ISA_USAGE = YES_ERROR;
				CLANG_WARN_DOCUMENTATION_COMMENTS = YES;
				CLANG_WARN_EMPTY_BODY = YES;
				CLANG_WARN_ENUM_CONVERSION = YES;
				CLANG_WARN_INFINITE_RECURSION = YES;
				CLANG_WARN_INT_CONVERSION = YES;
				CLANG_WARN_NON_LITERAL_NULL_CONVERSION = YES;
				CLANG_WARN_OBJC_IMPLICIT_RETAIN_SELF = YES;
				CLANG_WARN_OBJC_LITERAL_CONVERSION = YES;
				CLANG_WARN_OBJC_ROOT_CLASS = YES_ERROR;
				CLANG_WARN_QUOTED_INCLUDE_IN_FRAMEWORK_HEADER = YES;
				CLANG_WARN_RANGE_LOOP_ANALYSIS = YES;
				CLANG_WARN_STRICT_PROTOTYPES = YES;
				CLANG_WARN_SUSPICIOUS_MOVE = YES;
				CLANG_WARN_UNGUARDED_AVAILABILITY = YES_AGGRESSIVE;
				CLANG_WARN_UNREACHABLE_CODE = YES;
				CLANG_WARN__DUPLICATE_METHOD_MATCH = YES;
				COPY_PHASE_STRIP = NO;
				DEBUG_INFORMATION_FORMAT = "dwarf-with-dsym";
				ENABLE_NS_ASSERTIONS = NO;
				ENABLE_STRICT_OBJC_MSGSEND = YES;
				GCC_C_LANGUAGE_STANDARD = gnu11;
				GCC_NO_COMMON_BLOCKS = YES;
				GCC_WARN_64_TO_32_BIT_CONVERSION = YES;
				GCC_WARN_ABOUT_RETURN_TYPE = YES_ERROR;
				GCC_WARN_UNDECLARED_SELECTOR = YES;
				GCC_WARN_UNINITIALIZED_AUTOS = YES_AGGRESSIVE;
				GCC_WARN_UNUSED_FUNCTION = YES;
				GCC_WARN_UNUSED_VARIABLE = YES;
				IPHONEOS_DEPLOYMENT_TARGET = 16.2;
				MTL_ENABLE_DEBUG_INFO = NO;
				MTL_FAST_MATH = YES;
				SDKROOT = iphoneos;
				SWIFT_COMPILATION_MODE = wholemodule;
				SWIFT_OPTIMIZATION_LEVEL = "-O";
				VALIDATE_PRODUCT = YES;
			};
			name = Release;
		};
		10C803F729D8960D0033B395 /* Debug */ = {
			isa = XCBuildConfiguration;
			buildSettings = {
				ASSETCATALOG_COMPILER_APPICON_NAME = AppIcon;
				ASSETCATALOG_COMPILER_GLOBAL_ACCENT_COLOR_NAME = AccentColor;
				CODE_SIGN_STYLE = Automatic;
				CURRENT_PROJECT_VERSION = 1;
				DEVELOPMENT_ASSET_PATHS = "\"Pinch And Zoom/Preview Content\"";
				ENABLE_PREVIEWS = YES;
				GENERATE_INFOPLIST_FILE = YES;
				INFOPLIST_KEY_UIApplicationSceneManifest_Generation = YES;
				INFOPLIST_KEY_UIApplicationSupportsIndirectInputEvents = YES;
				INFOPLIST_KEY_UILaunchScreen_Generation = YES;
				INFOPLIST_KEY_UISupportedInterfaceOrientations_iPad = "UIInterfaceOrientationPortrait UIInterfaceOrientationPortraitUpsideDown UIInterfaceOrientationLandscapeLeft UIInterfaceOrientationLandscapeRight";
				INFOPLIST_KEY_UISupportedInterfaceOrientations_iPhone = "UIInterfaceOrientationPortrait UIInterfaceOrientationLandscapeLeft UIInterfaceOrientationLandscapeRight";
				LD_RUNPATH_SEARCH_PATHS = (
					"$(inherited)",
					"@executable_path/Frameworks",
				);
				MARKETING_VERSION = 1.0;
				PRODUCT_BUNDLE_IDENTIFIER = "com.mdabirhossain.Pinch-And-Zoom";
				PRODUCT_NAME = "$(TARGET_NAME)";
				SWIFT_EMIT_LOC_STRINGS = YES;
				SWIFT_VERSION = 5.0;
				TARGETED_DEVICE_FAMILY = "1,2";
			};
			name = Debug;
		};
		10C803F829D8960D0033B395 /* Release */ = {
			isa = XCBuildConfiguration;
			buildSettings = {
				ASSETCATALOG_COMPILER_APPICON_NAME = AppIcon;
				ASSETCATALOG_COMPILER_GLOBAL_ACCENT_COLOR_NAME = AccentColor;
				CODE_SIGN_STYLE = Automatic;
				CURRENT_PROJECT_VERSION = 1;
				DEVELOPMENT_ASSET_PATHS = "\"Pinch And Zoom/Preview Content\"";
				ENABLE_PREVIEWS = YES;
				GENERATE_INFOPLIST_FILE = YES;
				INFOPLIST_KEY_UIApplicationSceneManifest_Generation = YES;
				INFOPLIST_KEY_UIApplicationSupportsIndirectInputEvents = YES;
				INFOPLIST_KEY_UILaunchScreen_Generation = YES;
				INFOPLIST_KEY_UISupportedInterfaceOrientations_iPad = "UIInterfaceOrientationPortrait UIInterfaceOrientationPortraitUpsideDown UIInterfaceOrientationLandscapeLeft UIInterfaceOrientationLandscapeRight";
				INFOPLIST_KEY_UISupportedInterfaceOrientations_iPhone = "UIInterfaceOrientationPortrait UIInterfaceOrientationLandscapeLeft UIInterfaceOrientationLandscapeRight";
				LD_RUNPATH_SEARCH_PATHS = (
					"$(inherited)",
					"@executable_path/Frameworks",
				);
				MARKETING_VERSION = 1.0;
				PRODUCT_BUNDLE_IDENTIFIER = "com.mdabirhossain.Pinch-And-Zoom";
				PRODUCT_NAME = "$(TARGET_NAME)";
				SWIFT_EMIT_LOC_STRINGS = YES;
				SWIFT_VERSION = 5.0;
				TARGETED_DEVICE_FAMILY = "1,2";
			};
			name = Release;
		};
		10C803FA29D8960D0033B395 /* Debug */ = {
			isa = XCBuildConfiguration;
			buildSettings = {
				ALWAYS_EMBED_SWIFT_STANDARD_LIBRARIES = YES;
				BUNDLE_LOADER = "$(TEST_HOST)";
				CODE_SIGN_STYLE = Automatic;
				CURRENT_PROJECT_VERSION = 1;
				GENERATE_INFOPLIST_FILE = YES;
				IPHONEOS_DEPLOYMENT_TARGET = 16.2;
				MARKETING_VERSION = 1.0;
				PRODUCT_BUNDLE_IDENTIFIER = "com.mdabirhossain.Pinch-And-ZoomTests";
				PRODUCT_NAME = "$(TARGET_NAME)";
				SWIFT_EMIT_LOC_STRINGS = NO;
				SWIFT_VERSION = 5.0;
				TARGETED_DEVICE_FAMILY = "1,2";
				TEST_HOST = "$(BUILT_PRODUCTS_DIR)/Pinch And Zoom.app/$(BUNDLE_EXECUTABLE_FOLDER_PATH)/Pinch And Zoom";
			};
			name = Debug;
		};
		10C803FB29D8960D0033B395 /* Release */ = {
			isa = XCBuildConfiguration;
			buildSettings = {
				ALWAYS_EMBED_SWIFT_STANDARD_LIBRARIES = YES;
				BUNDLE_LOADER = "$(TEST_HOST)";
				CODE_SIGN_STYLE = Automatic;
				CURRENT_PROJECT_VERSION = 1;
				GENERATE_INFOPLIST_FILE = YES;
				IPHONEOS_DEPLOYMENT_TARGET = 16.2;
				MARKETING_VERSION = 1.0;
				PRODUCT_BUNDLE_IDENTIFIER = "com.mdabirhossain.Pinch-And-ZoomTests";
				PRODUCT_NAME = "$(TARGET_NAME)";
				SWIFT_EMIT_LOC_STRINGS = NO;
				SWIFT_VERSION = 5.0;
				TARGETED_DEVICE_FAMILY = "1,2";
				TEST_HOST = "$(BUILT_PRODUCTS_DIR)/Pinch And Zoom.app/$(BUNDLE_EXECUTABLE_FOLDER_PATH)/Pinch And Zoom";
			};
			name = Release;
		};
		10C803FD29D8960D0033B395 /* Debug */ = {
			isa = XCBuildConfiguration;
			buildSettings = {
				ALWAYS_EMBED_SWIFT_STANDARD_LIBRARIES = YES;
				CODE_SIGN_STYLE = Automatic;
				CURRENT_PROJECT_VERSION = 1;
				GENERATE_INFOPLIST_FILE = YES;
				MARKETING_VERSION = 1.0;
				PRODUCT_BUNDLE_IDENTIFIER = "com.mdabirhossain.Pinch-And-ZoomUITests";
				PRODUCT_NAME = "$(TARGET_NAME)";
				SWIFT_EMIT_LOC_STRINGS = NO;
				SWIFT_VERSION = 5.0;
				TARGETED_DEVICE_FAMILY = "1,2";
				TEST_TARGET_NAME = "Pinch And Zoom";
			};
			name = Debug;
		};
		10C803FE29D8960D0033B395 /* Release */ = {
			isa = XCBuildConfiguration;
			buildSettings = {
				ALWAYS_EMBED_SWIFT_STANDARD_LIBRARIES = YES;
				CODE_SIGN_STYLE = Automatic;
				CURRENT_PROJECT_VERSION = 1;
				GENERATE_INFOPLIST_FILE = YES;
				MARKETING_VERSION = 1.0;
				PRODUCT_BUNDLE_IDENTIFIER = "com.mdabirhossain.Pinch-And-ZoomUITests";
				PRODUCT_NAME = "$(TARGET_NAME)";
				SWIFT_EMIT_LOC_STRINGS = NO;
				SWIFT_VERSION = 5.0;
				TARGETED_DEVICE_FAMILY = "1,2";
				TEST_TARGET_NAME = "Pinch And Zoom";
			};
			name = Release;
		};
/* End XCBuildConfiguration section */

/* Begin XCConfigurationList section */
		10C803CD29D8960C0033B395 /* Build configuration list for PBXProject "Pinch And Zoom" */ = {
			isa = XCConfigurationList;
			buildConfigurations = (
				10C803F429D8960D0033B395 /* Debug */,
				10C803F529D8960D0033B395 /* Release */,
			);
			defaultConfigurationIsVisible = 0;
			defaultConfigurationName = Release;
		};
		10C803F629D8960D0033B395 /* Build configuration list for PBXNativeTarget "Pinch And Zoom" */ = {
			isa = XCConfigurationList;
			buildConfigurations = (
				10C803F729D8960D0033B395 /* Debug */,
				10C803F829D8960D0033B395 /* Release */,
			);
			defaultConfigurationIsVisible = 0;
			defaultConfigurationName = Release;
		};
		10C803F929D8960D0033B395 /* Build configuration list for PBXNativeTarget "Pinch And ZoomTests" */ = {
			isa = XCConfigurationList;
			buildConfigurations = (
				10C803FA29D8960D0033B395 /* Debug */,
				10C803FB29D8960D0033B395 /* Release */,
			);
			defaultConfigurationIsVisible = 0;
			defaultConfigurationName = Release;
		};
		10C803FC29D8960D0033B395 /* Build configuration list for PBXNativeTarget "Pinch And ZoomUITests" */ = {
			isa = XCConfigurationList;
			buildConfigurations = (
				10C803FD29D8960D0033B395 /* Debug */,
				10C803FE29D8960D0033B395 /* Release */,
			);
			defaultConfigurationIsVisible = 0;
			defaultConfigurationName = Release;
		};
/* End XCConfigurationList section */
	};
	rootObject = 10C803CA29D8960C0033B395 /* Project object */;
}
